
Microsoft Visual Studio Solution File, Format Version 12.00
# Visual Studio 2012
Project("{FAE04EC0-301F-11D3-BF4B-00C04F79EFBC}") = "UnityVS.Test Unity Project.CSharp", "UnityVS.Test Unity Project.CSharp.csproj", "{1CE6F23C-E983-6649-05F5-46F0B01A2314}"
EndProject
Global
	GlobalSection(SolutionConfigurationPlatforms) = preSolution
		Debug|Any CPU = Debug|Any CPU
		Release|Any CPU = Release|Any CPU
	EndGlobalSection
	GlobalSection(ProjectConfigurationPlatforms) = postSolution
		{1CE6F23C-E983-6649-05F5-46F0B01A2314}.Debug|Any CPU.ActiveCfg = Debug|Any CPU
		{1CE6F23C-E983-6649-05F5-46F0B01A2314}.Debug|Any CPU.Build.0 = Debug|Any CPU
		{1CE6F23C-E983-6649-05F5-46F0B01A2314}.Release|Any CPU.ActiveCfg = Release|Any CPU
		{1CE6F23C-E983-6649-05F5-46F0B01A2314}.Release|Any CPU.Build.0 = Release|Any CPU
	EndGlobalSection
	GlobalSection(SolutionProperties) = preSolution
		HideSolutionNode = FALSE
	EndGlobalSection
EndGlobal
